{
    "name": "theme-dracula",
    "version": "2.1.3",
    "lockfileVersion": 1,
    "requires": true,
    "dependencies": {
        "argparse": {
            "version": "1.0.9",
            "resolved": "https://registry.npmjs.org/argparse/-/argparse-1.0.9.tgz",
            "integrity": "sha1-c9g7wmP4bpf4zE9rrhsOkKfSLIY=",
            "dev": true,
            "requires": {
                "sprintf-js": "1.0.3"
            }
        },
        "esprima": {
            "version": "4.0.0",
            "resolved": "https://registry.npmjs.org/esprima/-/esprima-4.0.0.tgz",
            "integrity": "sha512-oftTcaMu/EGrEIu904mWteKIv8vMuOgGYo7EhVJJN00R/EED9DCua/xxHRdYnKtcECzVg7xOWhflvJMnqcFZjw==",
            "dev": true
        },
        "js-yaml": {
            "version": "3.9.1",
            "resolved": "https://registry.npmjs.org/js-yaml/-/js-yaml-3.9.1.tgz",
            "integrity": "sha512-CbcG379L1e+mWBnLvHWWeLs8GyV/EMw862uLI3c+GxVyDHWZcjZinwuBd3iW2pgxgIlksW/1vNJa4to+RvDOww==",
            "dev": true,
            "requires": {
                "argparse": "1.0.9",
                "esprima": "4.0.0"
            }
        },
        "sprintf-js": {
            "version": "1.0.3",
            "resolved": "https://registry.npmjs.org/sprintf-js/-/sprintf-js-1.0.3.tgz",
            "integrity": "sha1-BOaSb2YolTVPPdAVIDYzuFcpfiw=",
            "dev": true
        },
        "tinycolor2": {
            "version": "1.4.1",
            "resolved": "https://registry.npmjs.org/tinycolor2/-/tinycolor2-1.4.1.tgz",
            "integrity": "sha1-9PrTM0R7wLB9TcjpIJ2POaisd+g=",
            "dev": true
        }
    }
}
