{
    "name": "theme-dracula",
    "version": "2.14.1",
    "lockfileVersion": 1,
    "requires": true,
    "dependencies": {
        "argparse": {
            "version": "1.0.10",
            "resolved": "https://registry.npmjs.org/argparse/-/argparse-1.0.10.tgz",
            "integrity": "sha512-o5Roy6tNG4SL/FOkCAN6RzjiakZS25RLYFrcMttJqbdd8BWrnA+fGz57iN5Pb06pvBGvl5gQ0B48dJlslXvoTg==",
            "dev": true,
            "requires": {
                "sprintf-js": "~1.0.2"
            }
        },
        "esprima": {
            "version": "4.0.0",
            "resolved": "https://registry.npmjs.org/esprima/-/esprima-4.0.0.tgz",
            "integrity": "sha512-oftTcaMu/EGrEIu904mWteKIv8vMuOgGYo7EhVJJN00R/EED9DCua/xxHRdYnKtcECzVg7xOWhflvJMnqcFZjw==",
            "dev": true
        },
        "js-yaml": {
            "version": "3.12.0",
            "resolved": "https://registry.npmjs.org/js-yaml/-/js-yaml-3.12.0.tgz",
            "integrity": "sha512-PIt2cnwmPfL4hKNwqeiuz4bKfnzHTBv6HyVgjahA6mPLwPDzjDWrplJBMjHUFxku/N3FlmrbyPclad+I+4mJ3A==",
            "dev": true,
            "requires": {
                "argparse": "^1.0.7",
                "esprima": "^4.0.0"
            }
        },
        "prettier": {
            "version": "1.14.3",
            "resolved": "https://registry.npmjs.org/prettier/-/prettier-1.14.3.tgz",
            "integrity": "sha512-qZDVnCrnpsRJJq5nSsiHCE3BYMED2OtsI+cmzIzF1QIfqm5ALf8tEJcO27zV1gKNKRPdhjO0dNWnrzssDQ1tFg==",
            "dev": true
        },
        "sprintf-js": {
            "version": "1.0.3",
            "resolved": "https://registry.npmjs.org/sprintf-js/-/sprintf-js-1.0.3.tgz",
            "integrity": "sha1-BOaSb2YolTVPPdAVIDYzuFcpfiw=",
            "dev": true
        },
        "tinycolor2": {
            "version": "1.4.1",
            "resolved": "https://registry.npmjs.org/tinycolor2/-/tinycolor2-1.4.1.tgz",
            "integrity": "sha1-9PrTM0R7wLB9TcjpIJ2POaisd+g=",
            "dev": true
        }
    }
}
